
Microsoft Visual Studio Solution File, Format Version 12.00
# Visual Studio Version 17
VisualStudioVersion = 17.14.36327.8 d17.14
MinimumVisualStudioVersion = 10.0.40219.1
Project("{FAE04EC0-301F-11D3-BF4B-00C04F79EFBC}") = "backend", "backend\backend.csproj", "{FF0609F7-3518-494F-92BB-331277A907B1}"
EndProject
Project("{2150E333-8FDC-42A3-9474-1A3956D46DE8}") = "frontend", "frontend", "{02EA681E-C7D8-13C7-8484-4AC65E1B71E8}"
	ProjectSection(SolutionItems) = preProject
		frontend\index.php = frontend\index.php
	EndProjectSection
EndProject
Global
	GlobalSection(SolutionConfigurationPlatforms) = preSolution
		Debug|Any CPU = Debug|Any CPU
		Release|Any CPU = Release|Any CPU
	EndGlobalSection
	GlobalSection(ProjectConfigurationPlatforms) = postSolution
		{FF0609F7-3518-494F-92BB-331277A907B1}.Debug|Any CPU.ActiveCfg = Debug|Any CPU
		{FF0609F7-3518-494F-92BB-331277A907B1}.Debug|Any CPU.Build.0 = Debug|Any CPU
		{FF0609F7-3518-494F-92BB-331277A907B1}.Release|Any CPU.ActiveCfg = Release|Any CPU
		{FF0609F7-3518-494F-92BB-331277A907B1}.Release|Any CPU.Build.0 = Release|Any CPU
	EndGlobalSection
	GlobalSection(SolutionProperties) = preSolution
		HideSolutionNode = FALSE
	EndGlobalSection
	GlobalSection(ExtensibilityGlobals) = postSolution
		SolutionGuid = {C4A0F805-889B-497A-90E2-62ED00B38407}
	EndGlobalSection
EndGlobal
